
Microsoft Visual Studio Solution File, Format Version 12.00
# Visual Studio Version 17
VisualStudioVersion = 17.10.35027.167
MinimumVisualStudioVersion = 10.0.40219.1
Project("{FAE04EC0-301F-11D3-BF4B-00C04F79EFBC}") = "WindowsFormsApp1", "WindowsFormsApp1\WindowsFormsApp1.csproj", "{F4528B56-3465-4A73-8A96-AC38BB19F857}"
EndProject
Global
	GlobalSection(SolutionConfigurationPlatforms) = preSolution
		Debug|Any CPU = Debug|Any CPU
		Release|Any CPU = Release|Any CPU
	EndGlobalSection
	GlobalSection(ProjectConfigurationPlatforms) = postSolution
		{F4528B56-3465-4A73-8A96-AC38BB19F857}.Debug|Any CPU.ActiveCfg = Debug|Any CPU
		{F4528B56-3465-4A73-8A96-AC38BB19F857}.Debug|Any CPU.Build.0 = Debug|Any CPU
		{F4528B56-3465-4A73-8A96-AC38BB19F857}.Release|Any CPU.ActiveCfg = Release|Any CPU
		{F4528B56-3465-4A73-8A96-AC38BB19F857}.Release|Any CPU.Build.0 = Release|Any CPU
	EndGlobalSection
	GlobalSection(SolutionProperties) = preSolution
		HideSolutionNode = FALSE
	EndGlobalSection
	GlobalSection(ExtensibilityGlobals) = postSolution
		SolutionGuid = {382417EA-FF62-40EE-BF47-DE1D70416736}
	EndGlobalSection
EndGlobal
